addyosmani-agent-skills	addyosmani/agent-skills	dc27a9c2e13721158157632de61b4106c6c2a2a1
anthropics-skills	anthropics/skills	34040c9c568585f6929bedeaad110ad08f079624
ciembor-agent-rules-books	ciembor/agent-rules-books	893a88a6fce3a80c565bf39ac65021b43a8b2990
cursor-plugins-pstack	cursor/plugins	6ed0f7a9504f577d7529064103cecce9be7dfc5e
cursor-plugins-thermos	cursor/plugins	6ed0f7a9504f577d7529064103cecce9be7dfc5e
garrytan-gstack	garrytan/gstack	a6b3a57512ca6d5c6aa5b68f74f736195021f96e
hyhmrright-brooks-lint	hyhmrright/brooks-lint	220fe716c01950966e961e020eda9c457f4dd0a7
mattpocock-skills	mattpocock/skills	c55ee46073ed923f86ce59a5eb3b6d895095d1b7
obra-superpowers	obra/superpowers	5bf4e78011075bcfc0dc295f0724994cd123ee71
supabase-agent-skills	supabase/agent-skills	8331f910845103c08d51f6ca1d86ebb7d1f745e3
